// !$*UTF8*$!
{
	archiveVersion = 1;
	classes = {
	};
	objectVersion = 56;
	objects = {

/* Begin PBXBuildFile section */
		45D880472A25B9AB00555693 /* MianoApp.swift in Sources */ = {isa = PBXBuildFile; fileRef = 45D880462A25B9AB00555693 /* MianoApp.swift */; };
		45D880492A25B9AB00555693 /* MiniKeyboard.swift in Sources */ = {isa = PBXBuildFile; fileRef = 45D880482A25B9AB00555693 /* MiniKeyboard.swift */; };
		45D8804E2A25B9AC00555693 /* Preview Assets.xcassets in Resources */ = {isa = PBXBuildFile; fileRef = 45D8804D2A25B9AC00555693 /* Preview Assets.xcassets */; };
		45D880582A25BAD700555693 /* Keyboard in Frameworks */ = {isa = PBXBuildFile; productRef = 45D880572A25BAD700555693 /* Keyboard */; };
		45D8805D2A25BE7D00555693 /* AudioKit in Frameworks */ = {isa = PBXBuildFile; productRef = 45D8805C2A25BE7D00555693 /* AudioKit */; };
		45D880752A25C0F700555693 /* AudioKitUI in Frameworks */ = {isa = PBXBuildFile; productRef = 45D880742A25C0F700555693 /* AudioKitUI */; };
		45D880772A25C19A00555693 /* CustomKeys.swift in Sources */ = {isa = PBXBuildFile; fileRef = 45D880762A25C19A00555693 /* CustomKeys.swift */; };
		45D8807A2A25C20E00555693 /* EXSConductor.swift in Sources */ = {isa = PBXBuildFile; fileRef = 45D880792A25C20E00555693 /* EXSConductor.swift */; };
		45D8807C2A25D62500555693 /* SmallKnob.swift in Sources */ = {isa = PBXBuildFile; fileRef = 45D8807B2A25D62500555693 /* SmallKnob.swift */; };
		45D8807D2A25DAC600555693 /* Assets.xcassets in Resources */ = {isa = PBXBuildFile; fileRef = 45D8804A2A25B9AC00555693 /* Assets.xcassets */; };
		45D880822A25EA8600555693 /* MiniDrumPad.swift in Sources */ = {isa = PBXBuildFile; fileRef = 45D880812A25EA8600555693 /* MiniDrumPad.swift */; };
		45D880852A25EAA300555693 /* AudioKitEX in Frameworks */ = {isa = PBXBuildFile; productRef = 45D880842A25EAA300555693 /* AudioKitEX */; };
		45D880972A25ECE600555693 /* Strings.mp3 in Resources */ = {isa = PBXBuildFile; fileRef = 45D8808B2A25EBA400555693 /* Strings.mp3 */; };
		45D880982A25ECE600555693 /* mid_tom_B1.wav in Resources */ = {isa = PBXBuildFile; fileRef = 45D8808D2A25EBA400555693 /* mid_tom_B1.wav */; };
		45D880992A25ECE600555693 /* beat.aiff in Resources */ = {isa = PBXBuildFile; fileRef = 45D8808E2A25EBA400555693 /* beat.aiff */; };
		45D8809A2A25ECE600555693 /* snare_D1.wav in Resources */ = {isa = PBXBuildFile; fileRef = 45D880962A25EBA400555693 /* snare_D1.wav */; };
		45D8809B2A25ECE600555693 /* open_hi_hat_A#1.wav in Resources */ = {isa = PBXBuildFile; fileRef = 45D880942A25EBA400555693 /* open_hi_hat_A#1.wav */; };
		45D8809C2A25ECE600555693 /* Guitar.mp3 in Resources */ = {isa = PBXBuildFile; fileRef = 45D880872A25EBA400555693 /* Guitar.mp3 */; };
		45D8809D2A25ECE600555693 /* closed_hi_hat_F#1.wav in Resources */ = {isa = PBXBuildFile; fileRef = 45D880902A25EBA400555693 /* closed_hi_hat_F#1.wav */; };
		45D8809E2A25ECE600555693 /* clap_D#1.wav in Resources */ = {isa = PBXBuildFile; fileRef = 45D880882A25EBA400555693 /* clap_D#1.wav */; };
		45D8809F2A25ECE600555693 /* hi_tom_D2.wav in Resources */ = {isa = PBXBuildFile; fileRef = 45D8808A2A25EBA400555693 /* hi_tom_D2.wav */; };
		45D880A02A25ECE600555693 /* alphabet.mp3 in Resources */ = {isa = PBXBuildFile; fileRef = 45D8808C2A25EBA400555693 /* alphabet.mp3 */; };
		45D880A12A25ECE600555693 /* lo_tom_F1.wav in Resources */ = {isa = PBXBuildFile; fileRef = 45D880922A25EBA400555693 /* lo_tom_F1.wav */; };
		45D880A22A25ECE600555693 /* Bass Synth.mp3 in Resources */ = {isa = PBXBuildFile; fileRef = 45D880892A25EBA400555693 /* Bass Synth.mp3 */; };
		45D880A32A25ECE600555693 /* Synth.mp3 in Resources */ = {isa = PBXBuildFile; fileRef = 45D8808F2A25EBA400555693 /* Synth.mp3 */; };
		45D880A42A25ECE600555693 /* Counting.mp3 in Resources */ = {isa = PBXBuildFile; fileRef = 45D880952A25EBA400555693 /* Counting.mp3 */; };
		45D880A52A25ECE600555693 /* bass_drum_C1.wav in Resources */ = {isa = PBXBuildFile; fileRef = 45D880912A25EBA400555693 /* bass_drum_C1.wav */; };
		45D880A62A25ECE600555693 /* Piano.mp3 in Resources */ = {isa = PBXBuildFile; fileRef = 45D880932A25EBA400555693 /* Piano.mp3 */; };
		45D880A82A25EFF300555693 /* SingleDrumPad.swift in Sources */ = {isa = PBXBuildFile; fileRef = 45D880A72A25EFF300555693 /* SingleDrumPad.swift */; };
		45D880AB2A25F7E000555693 /* TunerConductor.swift in Sources */ = {isa = PBXBuildFile; fileRef = 45D880AA2A25F7E000555693 /* TunerConductor.swift */; };
		45D880AE2A25F81B00555693 /* SoundpipeAudioKit in Frameworks */ = {isa = PBXBuildFile; productRef = 45D880AD2A25F81B00555693 /* SoundpipeAudioKit */; };
		45D880B02A25F83900555693 /* MiniTuner.swift in Sources */ = {isa = PBXBuildFile; fileRef = 45D880AF2A25F83900555693 /* MiniTuner.swift */; };
		45D880B32A26076E00555693 /* NoiseGenerator.swift in Sources */ = {isa = PBXBuildFile; fileRef = 45D880B22A26076E00555693 /* NoiseGenerator.swift */; };
		45D880B52A26077B00555693 /* NoiseGeneratorsConductor.swift in Sources */ = {isa = PBXBuildFile; fileRef = 45D880B42A26077B00555693 /* NoiseGeneratorsConductor.swift */; };
/* End PBXBuildFile section */

/* Begin PBXFileReference section */
		45D880432A25B9AB00555693 /* Miano.app */ = {isa = PBXFileReference; explicitFileType = wrapper.application; includeInIndex = 0; path = Miano.app; sourceTree = BUILT_PRODUCTS_DIR; };
		45D880462A25B9AB00555693 /* MianoApp.swift */ = {isa = PBXFileReference; lastKnownFileType = sourcecode.swift; path = MianoApp.swift; sourceTree = "<group>"; };
		45D880482A25B9AB00555693 /* MiniKeyboard.swift */ = {isa = PBXFileReference; lastKnownFileType = sourcecode.swift; path = MiniKeyboard.swift; sourceTree = "<group>"; };
		45D8804A2A25B9AC00555693 /* Assets.xcassets */ = {isa = PBXFileReference; lastKnownFileType = folder.assetcatalog; path = Assets.xcassets; sourceTree = "<group>"; };
		45D8804D2A25B9AC00555693 /* Preview Assets.xcassets */ = {isa = PBXFileReference; lastKnownFileType = folder.assetcatalog; path = "Preview Assets.xcassets"; sourceTree = "<group>"; };
		45D8804F2A25B9AC00555693 /* Miano.entitlements */ = {isa = PBXFileReference; lastKnownFileType = text.plist.entitlements; path = Miano.entitlements; sourceTree = "<group>"; };
		45D880602A25BF8400555693 /* noise-wht2.wav */ = {isa = PBXFileReference; lastKnownFileType = audio.wav; path = "noise-wht2.wav"; sourceTree = "<group>"; };
		45D880612A25BF8400555693 /* saw220.wav */ = {isa = PBXFileReference; lastKnownFileType = audio.wav; path = saw220.wav; sourceTree = "<group>"; };
		45D880622A25BF8400555693 /* sqr220.wav */ = {isa = PBXFileReference; lastKnownFileType = audio.wav; path = sqr220.wav; sourceTree = "<group>"; };
		45D880632A25BF8400555693 /* saw220-ana1.wav */ = {isa = PBXFileReference; lastKnownFileType = audio.wav; path = "saw220-ana1.wav"; sourceTree = "<group>"; };
		45D880642A25BF8400555693 /* cheeb-hat.wav */ = {isa = PBXFileReference; lastKnownFileType = audio.wav; path = "cheeb-hat.wav"; sourceTree = "<group>"; };
		45D880652A25BF8400555693 /* cheeb-stick.wav */ = {isa = PBXFileReference; lastKnownFileType = audio.wav; path = "cheeb-stick.wav"; sourceTree = "<group>"; };
		45D880662A25BF8400555693 /* sqr.SFZ */ = {isa = PBXFileReference; lastKnownFileType = text; path = sqr.SFZ; sourceTree = "<group>"; };
		45D880672A25BF8400555693 /* cheeb-ch.wav */ = {isa = PBXFileReference; lastKnownFileType = audio.wav; path = "cheeb-ch.wav"; sourceTree = "<group>"; };
		45D880682A25BF8400555693 /* closed_hi_hat_F#1.wav */ = {isa = PBXFileReference; lastKnownFileType = audio.wav; path = "closed_hi_hat_F#1.wav"; sourceTree = "<group>"; };
		45D880692A25BF8400555693 /* cheeb-bd.wav */ = {isa = PBXFileReference; lastKnownFileType = audio.wav; path = "cheeb-bd.wav"; sourceTree = "<group>"; };
		45D8806B2A25BF8400555693 /* sawPiano1.exs */ = {isa = PBXFileReference; lastKnownFileType = file; path = sawPiano1.exs; sourceTree = "<group>"; };
		45D8806C2A25BF8400555693 /* funkyWow.exs */ = {isa = PBXFileReference; lastKnownFileType = file; path = funkyWow.exs; sourceTree = "<group>"; };
		45D8806D2A25BF8400555693 /* noisyRez.exs */ = {isa = PBXFileReference; lastKnownFileType = file; path = noisyRez.exs; sourceTree = "<group>"; };
		45D8806E2A25BF8400555693 /* sawPad1.exs */ = {isa = PBXFileReference; lastKnownFileType = file; path = sawPad1.exs; sourceTree = "<group>"; };
		45D8806F2A25BF8400555693 /* sqrTone1.exs */ = {isa = PBXFileReference; lastKnownFileType = file; path = sqrTone1.exs; sourceTree = "<group>"; };
		45D880702A25BF8400555693 /* nes-syn1.exs */ = {isa = PBXFileReference; lastKnownFileType = file; path = "nes-syn1.exs"; sourceTree = "<group>"; };
		45D880712A25BF8400555693 /* drumSimp.exs */ = {isa = PBXFileReference; lastKnownFileType = file; path = drumSimp.exs; sourceTree = "<group>"; };
		45D880722A25BF8400555693 /* cheeb-snr.wav */ = {isa = PBXFileReference; lastKnownFileType = audio.wav; path = "cheeb-snr.wav"; sourceTree = "<group>"; };
		45D880762A25C19A00555693 /* CustomKeys.swift */ = {isa = PBXFileReference; lastKnownFileType = sourcecode.swift; path = CustomKeys.swift; sourceTree = "<group>"; };
		45D880792A25C20E00555693 /* EXSConductor.swift */ = {isa = PBXFileReference; lastKnownFileType = sourcecode.swift; path = EXSConductor.swift; sourceTree = "<group>"; };
		45D8807B2A25D62500555693 /* SmallKnob.swift */ = {isa = PBXFileReference; lastKnownFileType = sourcecode.swift; path = SmallKnob.swift; sourceTree = "<group>"; };
		45D880812A25EA8600555693 /* MiniDrumPad.swift */ = {isa = PBXFileReference; lastKnownFileType = sourcecode.swift; path = MiniDrumPad.swift; sourceTree = "<group>"; };
		45D880872A25EBA400555693 /* Guitar.mp3 */ = {isa = PBXFileReference; lastKnownFileType = audio.mp3; path = Guitar.mp3; sourceTree = "<group>"; };
		45D880882A25EBA400555693 /* clap_D#1.wav */ = {isa = PBXFileReference; lastKnownFileType = audio.wav; path = "clap_D#1.wav"; sourceTree = "<group>"; };
		45D880892A25EBA400555693 /* Bass Synth.mp3 */ = {isa = PBXFileReference; lastKnownFileType = audio.mp3; path = "Bass Synth.mp3"; sourceTree = "<group>"; };
		45D8808A2A25EBA400555693 /* hi_tom_D2.wav */ = {isa = PBXFileReference; lastKnownFileType = audio.wav; path = hi_tom_D2.wav; sourceTree = "<group>"; };
		45D8808B2A25EBA400555693 /* Strings.mp3 */ = {isa = PBXFileReference; lastKnownFileType = audio.mp3; path = Strings.mp3; sourceTree = "<group>"; };
		45D8808C2A25EBA400555693 /* alphabet.mp3 */ = {isa = PBXFileReference; lastKnownFileType = audio.mp3; path = alphabet.mp3; sourceTree = "<group>"; };
		45D8808D2A25EBA400555693 /* mid_tom_B1.wav */ = {isa = PBXFileReference; lastKnownFileType = audio.wav; path = mid_tom_B1.wav; sourceTree = "<group>"; };
		45D8808E2A25EBA400555693 /* beat.aiff */ = {isa = PBXFileReference; lastKnownFileType = audio.aiff; path = beat.aiff; sourceTree = "<group>"; };
		45D8808F2A25EBA400555693 /* Synth.mp3 */ = {isa = PBXFileReference; lastKnownFileType = audio.mp3; path = Synth.mp3; sourceTree = "<group>"; };
		45D880902A25EBA400555693 /* closed_hi_hat_F#1.wav */ = {isa = PBXFileReference; lastKnownFileType = audio.wav; path = "closed_hi_hat_F#1.wav"; sourceTree = "<group>"; };
		45D880912A25EBA400555693 /* bass_drum_C1.wav */ = {isa = PBXFileReference; lastKnownFileType = audio.wav; path = bass_drum_C1.wav; sourceTree = "<group>"; };
		45D880922A25EBA400555693 /* lo_tom_F1.wav */ = {isa = PBXFileReference; lastKnownFileType = audio.wav; path = lo_tom_F1.wav; sourceTree = "<group>"; };
		45D880932A25EBA400555693 /* Piano.mp3 */ = {isa = PBXFileReference; lastKnownFileType = audio.mp3; path = Piano.mp3; sourceTree = "<group>"; };
		45D880942A25EBA400555693 /* open_hi_hat_A#1.wav */ = {isa = PBXFileReference; lastKnownFileType = audio.wav; path = "open_hi_hat_A#1.wav"; sourceTree = "<group>"; };
		45D880952A25EBA400555693 /* Counting.mp3 */ = {isa = PBXFileReference; lastKnownFileType = audio.mp3; path = Counting.mp3; sourceTree = "<group>"; };
		45D880962A25EBA400555693 /* snare_D1.wav */ = {isa = PBXFileReference; lastKnownFileType = audio.wav; path = snare_D1.wav; sourceTree = "<group>"; };
		45D880A72A25EFF300555693 /* SingleDrumPad.swift */ = {isa = PBXFileReference; lastKnownFileType = sourcecode.swift; path = SingleDrumPad.swift; sourceTree = "<group>"; };
		45D880AA2A25F7E000555693 /* TunerConductor.swift */ = {isa = PBXFileReference; lastKnownFileType = sourcecode.swift; path = TunerConductor.swift; sourceTree = "<group>"; };
		45D880AF2A25F83900555693 /* MiniTuner.swift */ = {isa = PBXFileReference; lastKnownFileType = sourcecode.swift; path = MiniTuner.swift; sourceTree = "<group>"; };
		45D880B22A26076E00555693 /* NoiseGenerator.swift */ = {isa = PBXFileReference; lastKnownFileType = sourcecode.swift; path = NoiseGenerator.swift; sourceTree = "<group>"; };
		45D880B42A26077B00555693 /* NoiseGeneratorsConductor.swift */ = {isa = PBXFileReference; lastKnownFileType = sourcecode.swift; path = NoiseGeneratorsConductor.swift; sourceTree = "<group>"; };
/* End PBXFileReference section */

/* Begin PBXFrameworksBuildPhase section */
		45D880402A25B9AB00555693 /* Frameworks */ = {
			isa = PBXFrameworksBuildPhase;
			buildActionMask = 2147483647;
			files = (
				45D8805D2A25BE7D00555693 /* AudioKit in Frameworks */,
				45D880AE2A25F81B00555693 /* SoundpipeAudioKit in Frameworks */,
				45D880852A25EAA300555693 /* AudioKitEX in Frameworks */,
				45D880752A25C0F700555693 /* AudioKitUI in Frameworks */,
				45D880582A25BAD700555693 /* Keyboard in Frameworks */,
			);
			runOnlyForDeploymentPostprocessing = 0;
		};
/* End PBXFrameworksBuildPhase section */

/* Begin PBXGroup section */
		45D8803A2A25B9AB00555693 = {
			isa = PBXGroup;
			children = (
				45D8805E2A25BF8400555693 /* Sounds */,
				45D880452A25B9AB00555693 /* Miano */,
				45D880442A25B9AB00555693 /* Products */,
			);
			sourceTree = "<group>";
		};
		45D880442A25B9AB00555693 /* Products */ = {
			isa = PBXGroup;
			children = (
				45D880432A25B9AB00555693 /* Miano.app */,
			);
			name = Products;
			sourceTree = "<group>";
		};
		45D880452A25B9AB00555693 /* Miano */ = {
			isa = PBXGroup;
			children = (
				45D880462A25B9AB00555693 /* MianoApp.swift */,
				45D880B62A26079500555693 /* SharedComponents */,
				45D880B12A26075000555693 /* NoiseGenerator */,
				45D880A92A25F76500555693 /* MiniTuner */,
				45D880802A25E79700555693 /* MiniDrum */,
				45D8807E2A25E6CF00555693 /* MiniKeyboard */,
				45D8804A2A25B9AC00555693 /* Assets.xcassets */,
				45D8804F2A25B9AC00555693 /* Miano.entitlements */,
				45D8804C2A25B9AC00555693 /* Preview Content */,
			);
			path = Miano;
			sourceTree = "<group>";
		};
		45D8804C2A25B9AC00555693 /* Preview Content */ = {
			isa = PBXGroup;
			children = (
				45D8804D2A25B9AC00555693 /* Preview Assets.xcassets */,
			);
			path = "Preview Content";
			sourceTree = "<group>";
		};
		45D8805E2A25BF8400555693 /* Sounds */ = {
			isa = PBXGroup;
			children = (
				45D880862A25EBA400555693 /* Samples */,
				45D8805F2A25BF8400555693 /* basicSamples */,
				45D880642A25BF8400555693 /* cheeb-hat.wav */,
				45D880652A25BF8400555693 /* cheeb-stick.wav */,
				45D880662A25BF8400555693 /* sqr.SFZ */,
				45D880672A25BF8400555693 /* cheeb-ch.wav */,
				45D880682A25BF8400555693 /* closed_hi_hat_F#1.wav */,
				45D880692A25BF8400555693 /* cheeb-bd.wav */,
				45D8806A2A25BF8400555693 /* Sampler Instruments */,
				45D880722A25BF8400555693 /* cheeb-snr.wav */,
			);
			path = Sounds;
			sourceTree = "<group>";
		};
		45D8805F2A25BF8400555693 /* basicSamples */ = {
			isa = PBXGroup;
			children = (
				45D880602A25BF8400555693 /* noise-wht2.wav */,
				45D880612A25BF8400555693 /* saw220.wav */,
				45D880622A25BF8400555693 /* sqr220.wav */,
				45D880632A25BF8400555693 /* saw220-ana1.wav */,
			);
			path = basicSamples;
			sourceTree = "<group>";
		};
		45D8806A2A25BF8400555693 /* Sampler Instruments */ = {
			isa = PBXGroup;
			children = (
				45D8806B2A25BF8400555693 /* sawPiano1.exs */,
				45D8806C2A25BF8400555693 /* funkyWow.exs */,
				45D8806D2A25BF8400555693 /* noisyRez.exs */,
				45D8806E2A25BF8400555693 /* sawPad1.exs */,
				45D8806F2A25BF8400555693 /* sqrTone1.exs */,
				45D880702A25BF8400555693 /* nes-syn1.exs */,
				45D880712A25BF8400555693 /* drumSimp.exs */,
			);
			path = "Sampler Instruments";
			sourceTree = "<group>";
		};
		45D8807E2A25E6CF00555693 /* MiniKeyboard */ = {
			isa = PBXGroup;
			children = (
				45D8807F2A25E71F00555693 /* UI */,
				45D880792A25C20E00555693 /* EXSConductor.swift */,
			);
			path = MiniKeyboard;
			sourceTree = "<group>";
		};
		45D8807F2A25E71F00555693 /* UI */ = {
			isa = PBXGroup;
			children = (
				45D880482A25B9AB00555693 /* MiniKeyboard.swift */,
				45D880762A25C19A00555693 /* CustomKeys.swift */,
			);
			path = UI;
			sourceTree = "<group>";
		};
		45D880802A25E79700555693 /* MiniDrum */ = {
			isa = PBXGroup;
			children = (
				45D880812A25EA8600555693 /* MiniDrumPad.swift */,
				45D880A72A25EFF300555693 /* SingleDrumPad.swift */,
			);
			path = MiniDrum;
			sourceTree = "<group>";
		};
		45D880862A25EBA400555693 /* Samples */ = {
			isa = PBXGroup;
			children = (
				45D880872A25EBA400555693 /* Guitar.mp3 */,
				45D880882A25EBA400555693 /* clap_D#1.wav */,
				45D880892A25EBA400555693 /* Bass Synth.mp3 */,
				45D8808A2A25EBA400555693 /* hi_tom_D2.wav */,
				45D8808B2A25EBA400555693 /* Strings.mp3 */,
				45D8808C2A25EBA400555693 /* alphabet.mp3 */,
				45D8808D2A25EBA400555693 /* mid_tom_B1.wav */,
				45D8808E2A25EBA400555693 /* beat.aiff */,
				45D8808F2A25EBA400555693 /* Synth.mp3 */,
				45D880902A25EBA400555693 /* closed_hi_hat_F#1.wav */,
				45D880912A25EBA400555693 /* bass_drum_C1.wav */,
				45D880922A25EBA400555693 /* lo_tom_F1.wav */,
				45D880932A25EBA400555693 /* Piano.mp3 */,
				45D880942A25EBA400555693 /* open_hi_hat_A#1.wav */,
				45D880952A25EBA400555693 /* Counting.mp3 */,
				45D880962A25EBA400555693 /* snare_D1.wav */,
			);
			path = Samples;
			sourceTree = "<group>";
		};
		45D880A92A25F76500555693 /* MiniTuner */ = {
			isa = PBXGroup;
			children = (
				45D880AF2A25F83900555693 /* MiniTuner.swift */,
				45D880AA2A25F7E000555693 /* TunerConductor.swift */,
			);
			path = MiniTuner;
			sourceTree = "<group>";
		};
		45D880B12A26075000555693 /* NoiseGenerator */ = {
			isa = PBXGroup;
			children = (
				45D880B22A26076E00555693 /* NoiseGenerator.swift */,
				45D880B42A26077B00555693 /* NoiseGeneratorsConductor.swift */,
			);
			path = NoiseGenerator;
			sourceTree = "<group>";
		};
		45D880B62A26079500555693 /* SharedComponents */ = {
			isa = PBXGroup;
			children = (
				45D8807B2A25D62500555693 /* SmallKnob.swift */,
			);
			path = SharedComponents;
			sourceTree = "<group>";
		};
/* End PBXGroup section */

/* Begin PBXNativeTarget section */
		45D880422A25B9AB00555693 /* Miano */ = {
			isa = PBXNativeTarget;
			buildConfigurationList = 45D880522A25B9AC00555693 /* Build configuration list for PBXNativeTarget "Miano" */;
			buildPhases = (
				45D8803F2A25B9AB00555693 /* Sources */,
				45D880402A25B9AB00555693 /* Frameworks */,
				45D880412A25B9AB00555693 /* Resources */,
			);
			buildRules = (
			);
			dependencies = (
			);
			name = Miano;
			packageProductDependencies = (
				45D880572A25BAD700555693 /* Keyboard */,
				45D8805C2A25BE7D00555693 /* AudioKit */,
				45D880742A25C0F700555693 /* AudioKitUI */,
				45D880842A25EAA300555693 /* AudioKitEX */,
				45D880AD2A25F81B00555693 /* SoundpipeAudioKit */,
			);
			productName = Miano;
			productReference = 45D880432A25B9AB00555693 /* Miano.app */;
			productType = "com.apple.product-type.application";
		};
/* End PBXNativeTarget section */

/* Begin PBXProject section */
		45D8803B2A25B9AB00555693 /* Project object */ = {
			isa = PBXProject;
			attributes = {
				BuildIndependentTargetsInParallel = 1;
				LastSwiftUpdateCheck = 1430;
				LastUpgradeCheck = 1430;
				TargetAttributes = {
					45D880422A25B9AB00555693 = {
						CreatedOnToolsVersion = 14.3;
					};
				};
			};
			buildConfigurationList = 45D8803E2A25B9AB00555693 /* Build configuration list for PBXProject "Miano" */;
			compatibilityVersion = "Xcode 14.0";
			developmentRegion = en;
			hasScannedForEncodings = 0;
			knownRegions = (
				en,
				Base,
			);
			mainGroup = 45D8803A2A25B9AB00555693;
			packageReferences = (
				45D880562A25BAD700555693 /* XCRemoteSwiftPackageReference "Keyboard" */,
				45D8805B2A25BE7D00555693 /* XCRemoteSwiftPackageReference "AudioKit" */,
				45D880732A25C0F700555693 /* XCRemoteSwiftPackageReference "AudioKitUI" */,
				45D880832A25EAA300555693 /* XCRemoteSwiftPackageReference "AudioKitEX" */,
				45D880AC2A25F81B00555693 /* XCRemoteSwiftPackageReference "SoundpipeAudioKit" */,
			);
			productRefGroup = 45D880442A25B9AB00555693 /* Products */;
			projectDirPath = "";
			projectRoot = "";
			targets = (
				45D880422A25B9AB00555693 /* Miano */,
			);
		};
/* End PBXProject section */

/* Begin PBXResourcesBuildPhase section */
		45D880412A25B9AB00555693 /* Resources */ = {
			isa = PBXResourcesBuildPhase;
			buildActionMask = 2147483647;
			files = (
				45D8807D2A25DAC600555693 /* Assets.xcassets in Resources */,
				45D880A42A25ECE600555693 /* Counting.mp3 in Resources */,
				45D8809D2A25ECE600555693 /* closed_hi_hat_F#1.wav in Resources */,
				45D880992A25ECE600555693 /* beat.aiff in Resources */,
				45D880A12A25ECE600555693 /* lo_tom_F1.wav in Resources */,
				45D880982A25ECE600555693 /* mid_tom_B1.wav in Resources */,
				45D8804E2A25B9AC00555693 /* Preview Assets.xcassets in Resources */,
				45D8809E2A25ECE600555693 /* clap_D#1.wav in Resources */,
				45D8809C2A25ECE600555693 /* Guitar.mp3 in Resources */,
				45D880A32A25ECE600555693 /* Synth.mp3 in Resources */,
				45D880A02A25ECE600555693 /* alphabet.mp3 in Resources */,
				45D8809F2A25ECE600555693 /* hi_tom_D2.wav in Resources */,
				45D880A62A25ECE600555693 /* Piano.mp3 in Resources */,
				45D880A52A25ECE600555693 /* bass_drum_C1.wav in Resources */,
				45D880972A25ECE600555693 /* Strings.mp3 in Resources */,
				45D880A22A25ECE600555693 /* Bass Synth.mp3 in Resources */,
				45D8809A2A25ECE600555693 /* snare_D1.wav in Resources */,
				45D8809B2A25ECE600555693 /* open_hi_hat_A#1.wav in Resources */,
			);
			runOnlyForDeploymentPostprocessing = 0;
		};
/* End PBXResourcesBuildPhase section */

/* Begin PBXSourcesBuildPhase section */
		45D8803F2A25B9AB00555693 /* Sources */ = {
			isa = PBXSourcesBuildPhase;
			buildActionMask = 2147483647;
			files = (
				45D880B32A26076E00555693 /* NoiseGenerator.swift in Sources */,
				45D880B52A26077B00555693 /* NoiseGeneratorsConductor.swift in Sources */,
				45D8807C2A25D62500555693 /* SmallKnob.swift in Sources */,
				45D880B02A25F83900555693 /* MiniTuner.swift in Sources */,
				45D880492A25B9AB00555693 /* MiniKeyboard.swift in Sources */,
				45D8807A2A25C20E00555693 /* EXSConductor.swift in Sources */,
				45D880772A25C19A00555693 /* CustomKeys.swift in Sources */,
				45D880A82A25EFF300555693 /* SingleDrumPad.swift in Sources */,
				45D880822A25EA8600555693 /* MiniDrumPad.swift in Sources */,
				45D880AB2A25F7E000555693 /* TunerConductor.swift in Sources */,
				45D880472A25B9AB00555693 /* MianoApp.swift in Sources */,
			);
			runOnlyForDeploymentPostprocessing = 0;
		};
/* End PBXSourcesBuildPhase section */

/* Begin XCBuildConfiguration section */
		45D880502A25B9AC00555693 /* Debug */ = {
			isa = XCBuildConfiguration;
			buildSettings = {
				ALWAYS_SEARCH_USER_PATHS = NO;
				CLANG_ANALYZER_NONNULL = YES;
				CLANG_ANALYZER_NUMBER_OBJECT_CONVERSION = YES_AGGRESSIVE;
				CLANG_CXX_LANGUAGE_STANDARD = "gnu++20";
				CLANG_ENABLE_MODULES = YES;
				CLANG_ENABLE_OBJC_ARC = YES;
				CLANG_ENABLE_OBJC_WEAK = YES;
				CLANG_WARN_BLOCK_CAPTURE_AUTORELEASING = YES;
				CLANG_WARN_BOOL_CONVERSION = YES;
				CLANG_WARN_COMMA = YES;
				CLANG_WARN_CONSTANT_CONVERSION = YES;
				CLANG_WARN_DEPRECATED_OBJC_IMPLEMENTATIONS = YES;
				CLANG_WARN_DIRECT_OBJC_ISA_USAGE = YES_ERROR;
				CLANG_WARN_DOCUMENTATION_COMMENTS = YES;
				CLANG_WARN_EMPTY_BODY = YES;
				CLANG_WARN_ENUM_CONVERSION = YES;
				CLANG_WARN_INFINITE_RECURSION = YES;
				CLANG_WARN_INT_CONVERSION = YES;
				CLANG_WARN_NON_LITERAL_NULL_CONVERSION = YES;
				CLANG_WARN_OBJC_IMPLICIT_RETAIN_SELF = YES;
				CLANG_WARN_OBJC_LITERAL_CONVERSION = YES;
				CLANG_WARN_OBJC_ROOT_CLASS = YES_ERROR;
				CLANG_WARN_QUOTED_INCLUDE_IN_FRAMEWORK_HEADER = YES;
				CLANG_WARN_RANGE_LOOP_ANALYSIS = YES;
				CLANG_WARN_STRICT_PROTOTYPES = YES;
				CLANG_WARN_SUSPICIOUS_MOVE = YES;
				CLANG_WARN_UNGUARDED_AVAILABILITY = YES_AGGRESSIVE;
				CLANG_WARN_UNREACHABLE_CODE = YES;
				CLANG_WARN__DUPLICATE_METHOD_MATCH = YES;
				COPY_PHASE_STRIP = NO;
				DEBUG_INFORMATION_FORMAT = dwarf;
				ENABLE_STRICT_OBJC_MSGSEND = YES;
				ENABLE_TESTABILITY = YES;
				GCC_C_LANGUAGE_STANDARD = gnu11;
				GCC_DYNAMIC_NO_PIC = NO;
				GCC_NO_COMMON_BLOCKS = YES;
				GCC_OPTIMIZATION_LEVEL = 0;
				GCC_PREPROCESSOR_DEFINITIONS = (
					"DEBUG=1",
					"$(inherited)",
				);
				GCC_WARN_64_TO_32_BIT_CONVERSION = YES;
				GCC_WARN_ABOUT_RETURN_TYPE = YES_ERROR;
				GCC_WARN_UNDECLARED_SELECTOR = YES;
				GCC_WARN_UNINITIALIZED_AUTOS = YES_AGGRESSIVE;
				GCC_WARN_UNUSED_FUNCTION = YES;
				GCC_WARN_UNUSED_VARIABLE = YES;
				MACOSX_DEPLOYMENT_TARGET = 13.3;
				MTL_ENABLE_DEBUG_INFO = INCLUDE_SOURCE;
				MTL_FAST_MATH = YES;
				ONLY_ACTIVE_ARCH = YES;
				SDKROOT = macosx;
				SWIFT_ACTIVE_COMPILATION_CONDITIONS = DEBUG;
				SWIFT_OPTIMIZATION_LEVEL = "-Onone";
			};
			name = Debug;
		};
		45D880512A25B9AC00555693 /* Release */ = {
			isa = XCBuildConfiguration;
			buildSettings = {
				ALWAYS_SEARCH_USER_PATHS = NO;
				CLANG_ANALYZER_NONNULL = YES;
				CLANG_ANALYZER_NUMBER_OBJECT_CONVERSION = YES_AGGRESSIVE;
				CLANG_CXX_LANGUAGE_STANDARD = "gnu++20";
				CLANG_ENABLE_MODULES = YES;
				CLANG_ENABLE_OBJC_ARC = YES;
				CLANG_ENABLE_OBJC_WEAK = YES;
				CLANG_WARN_BLOCK_CAPTURE_AUTORELEASING = YES;
				CLANG_WARN_BOOL_CONVERSION = YES;
				CLANG_WARN_COMMA = YES;
				CLANG_WARN_CONSTANT_CONVERSION = YES;
				CLANG_WARN_DEPRECATED_OBJC_IMPLEMENTATIONS = YES;
				CLANG_WARN_DIRECT_OBJC_ISA_USAGE = YES_ERROR;
				CLANG_WARN_DOCUMENTATION_COMMENTS = YES;
				CLANG_WARN_EMPTY_BODY = YES;
				CLANG_WARN_ENUM_CONVERSION = YES;
				CLANG_WARN_INFINITE_RECURSION = YES;
				CLANG_WARN_INT_CONVERSION = YES;
				CLANG_WARN_NON_LITERAL_NULL_CONVERSION = YES;
				CLANG_WARN_OBJC_IMPLICIT_RETAIN_SELF = YES;
				CLANG_WARN_OBJC_LITERAL_CONVERSION = YES;
				CLANG_WARN_OBJC_ROOT_CLASS = YES_ERROR;
				CLANG_WARN_QUOTED_INCLUDE_IN_FRAMEWORK_HEADER = YES;
				CLANG_WARN_RANGE_LOOP_ANALYSIS = YES;
				CLANG_WARN_STRICT_PROTOTYPES = YES;
				CLANG_WARN_SUSPICIOUS_MOVE = YES;
				CLANG_WARN_UNGUARDED_AVAILABILITY = YES_AGGRESSIVE;
				CLANG_WARN_UNREACHABLE_CODE = YES;
				CLANG_WARN__DUPLICATE_METHOD_MATCH = YES;
				COPY_PHASE_STRIP = NO;
				DEBUG_INFORMATION_FORMAT = "dwarf-with-dsym";
				ENABLE_NS_ASSERTIONS = NO;
				ENABLE_STRICT_OBJC_MSGSEND = YES;
				GCC_C_LANGUAGE_STANDARD = gnu11;
				GCC_NO_COMMON_BLOCKS = YES;
				GCC_WARN_64_TO_32_BIT_CONVERSION = YES;
				GCC_WARN_ABOUT_RETURN_TYPE = YES_ERROR;
				GCC_WARN_UNDECLARED_SELECTOR = YES;
				GCC_WARN_UNINITIALIZED_AUTOS = YES_AGGRESSIVE;
				GCC_WARN_UNUSED_FUNCTION = YES;
				GCC_WARN_UNUSED_VARIABLE = YES;
				MACOSX_DEPLOYMENT_TARGET = 13.3;
				MTL_ENABLE_DEBUG_INFO = NO;
				MTL_FAST_MATH = YES;
				SDKROOT = macosx;
				SWIFT_COMPILATION_MODE = wholemodule;
				SWIFT_OPTIMIZATION_LEVEL = "-O";
			};
			name = Release;
		};
		45D880532A25B9AC00555693 /* Debug */ = {
			isa = XCBuildConfiguration;
			buildSettings = {
				ASSETCATALOG_COMPILER_APPICON_NAME = AppIcon;
				ASSETCATALOG_COMPILER_GLOBAL_ACCENT_COLOR_NAME = AccentColor;
				CODE_SIGN_ENTITLEMENTS = Miano/Miano.entitlements;
				CODE_SIGN_STYLE = Automatic;
				COMBINE_HIDPI_IMAGES = YES;
				CURRENT_PROJECT_VERSION = 1;
				DEVELOPMENT_ASSET_PATHS = "\"Miano/Preview Content\"";
				DEVELOPMENT_TEAM = 4538W4A79B;
				ENABLE_HARDENED_RUNTIME = YES;
				ENABLE_PREVIEWS = YES;
				GENERATE_INFOPLIST_FILE = YES;
				INFOPLIST_KEY_NSHumanReadableCopyright = "© Aayush Pokharel 2023";
				INFOPLIST_KEY_NSMicrophoneUsageDescription = "Required to visualize, process and record audio input.";
				LD_RUNPATH_SEARCH_PATHS = (
					"$(inherited)",
					"@executable_path/../Frameworks",
				);
				MARKETING_VERSION = 1.0;
				PRODUCT_BUNDLE_IDENTIFIER = com.aayush.opensource.Miano;
				PRODUCT_NAME = "$(TARGET_NAME)";
				SWIFT_EMIT_LOC_STRINGS = YES;
				SWIFT_VERSION = 5.0;
			};
			name = Debug;
		};
		45D880542A25B9AC00555693 /* Release */ = {
			isa = XCBuildConfiguration;
			buildSettings = {
				ASSETCATALOG_COMPILER_APPICON_NAME = AppIcon;
				ASSETCATALOG_COMPILER_GLOBAL_ACCENT_COLOR_NAME = AccentColor;
				CODE_SIGN_ENTITLEMENTS = Miano/Miano.entitlements;
				CODE_SIGN_STYLE = Automatic;
				COMBINE_HIDPI_IMAGES = YES;
				CURRENT_PROJECT_VERSION = 1;
				DEVELOPMENT_ASSET_PATHS = "\"Miano/Preview Content\"";
				DEVELOPMENT_TEAM = 4538W4A79B;
				ENABLE_HARDENED_RUNTIME = YES;
				ENABLE_PREVIEWS = YES;
				GENERATE_INFOPLIST_FILE = YES;
				INFOPLIST_KEY_NSHumanReadableCopyright = "© Aayush Pokharel 2023";
				INFOPLIST_KEY_NSMicrophoneUsageDescription = "Required to visualize, process and record audio input.";
				LD_RUNPATH_SEARCH_PATHS = (
					"$(inherited)",
					"@executable_path/../Frameworks",
				);
				MARKETING_VERSION = 1.0;
				PRODUCT_BUNDLE_IDENTIFIER = com.aayush.opensource.Miano;
				PRODUCT_NAME = "$(TARGET_NAME)";
				SWIFT_EMIT_LOC_STRINGS = YES;
				SWIFT_VERSION = 5.0;
			};
			name = Release;
		};
/* End XCBuildConfiguration section */

/* Begin XCConfigurationList section */
		45D8803E2A25B9AB00555693 /* Build configuration list for PBXProject "Miano" */ = {
			isa = XCConfigurationList;
			buildConfigurations = (
				45D880502A25B9AC00555693 /* Debug */,
				45D880512A25B9AC00555693 /* Release */,
			);
			defaultConfigurationIsVisible = 0;
			defaultConfigurationName = Release;
		};
		45D880522A25B9AC00555693 /* Build configuration list for PBXNativeTarget "Miano" */ = {
			isa = XCConfigurationList;
			buildConfigurations = (
				45D880532A25B9AC00555693 /* Debug */,
				45D880542A25B9AC00555693 /* Release */,
			);
			defaultConfigurationIsVisible = 0;
			defaultConfigurationName = Release;
		};
/* End XCConfigurationList section */

/* Begin XCRemoteSwiftPackageReference section */
		45D880562A25BAD700555693 /* XCRemoteSwiftPackageReference "Keyboard" */ = {
			isa = XCRemoteSwiftPackageReference;
			repositoryURL = "https://github.com/AudioKit/Keyboard.git";
			requirement = {
				kind = upToNextMajorVersion;
				minimumVersion = 1.0.0;
			};
		};
		45D8805B2A25BE7D00555693 /* XCRemoteSwiftPackageReference "AudioKit" */ = {
			isa = XCRemoteSwiftPackageReference;
			repositoryURL = "https://github.com/AudioKit/AudioKit/";
			requirement = {
				kind = upToNextMajorVersion;
				minimumVersion = 5.0.0;
			};
		};
		45D880732A25C0F700555693 /* XCRemoteSwiftPackageReference "AudioKitUI" */ = {
			isa = XCRemoteSwiftPackageReference;
			repositoryURL = "https://github.com/AudioKit/AudioKitUI/";
			requirement = {
				kind = upToNextMajorVersion;
				minimumVersion = 0.3.5;
			};
		};
		45D880832A25EAA300555693 /* XCRemoteSwiftPackageReference "AudioKitEX" */ = {
			isa = XCRemoteSwiftPackageReference;
			repositoryURL = "https://github.com/AudioKit/AudioKitEX/";
			requirement = {
				kind = upToNextMajorVersion;
				minimumVersion = 5.0.0;
			};
		};
		45D880AC2A25F81B00555693 /* XCRemoteSwiftPackageReference "SoundpipeAudioKit" */ = {
			isa = XCRemoteSwiftPackageReference;
			repositoryURL = "https://github.com/AudioKit/SoundpipeAudioKit";
			requirement = {
				kind = upToNextMajorVersion;
				minimumVersion = 5.0.0;
			};
		};
/* End XCRemoteSwiftPackageReference section */

/* Begin XCSwiftPackageProductDependency section */
		45D880572A25BAD700555693 /* Keyboard */ = {
			isa = XCSwiftPackageProductDependency;
			package = 45D880562A25BAD700555693 /* XCRemoteSwiftPackageReference "Keyboard" */;
			productName = Keyboard;
		};
		45D8805C2A25BE7D00555693 /* AudioKit */ = {
			isa = XCSwiftPackageProductDependency;
			package = 45D8805B2A25BE7D00555693 /* XCRemoteSwiftPackageReference "AudioKit" */;
			productName = AudioKit;
		};
		45D880742A25C0F700555693 /* AudioKitUI */ = {
			isa = XCSwiftPackageProductDependency;
			package = 45D880732A25C0F700555693 /* XCRemoteSwiftPackageReference "AudioKitUI" */;
			productName = AudioKitUI;
		};
		45D880842A25EAA300555693 /* AudioKitEX */ = {
			isa = XCSwiftPackageProductDependency;
			package = 45D880832A25EAA300555693 /* XCRemoteSwiftPackageReference "AudioKitEX" */;
			productName = AudioKitEX;
		};
		45D880AD2A25F81B00555693 /* SoundpipeAudioKit */ = {
			isa = XCSwiftPackageProductDependency;
			package = 45D880AC2A25F81B00555693 /* XCRemoteSwiftPackageReference "SoundpipeAudioKit" */;
			productName = SoundpipeAudioKit;
		};
/* End XCSwiftPackageProductDependency section */
	};
	rootObject = 45D8803B2A25B9AB00555693 /* Project object */;
}
